
Microsoft Visual Studio Solution File, Format Version 12.00
# Visual Studio 15
VisualStudioVersion = 15.0.28307.271
MinimumVisualStudioVersion = 10.0.40219.1
Project("{F184B08F-C81C-45F6-A57F-5ABD9991F28F}") = "gipjorditaillaert2019-2020", "gipjorditaillaert2019-2020\gipjorditaillaert2019-2020.vbproj", "{C03BA87C-C829-4253-9684-CDB970B030F8}"
EndProject
Global
	GlobalSection(SolutionConfigurationPlatforms) = preSolution
		Debug|Any CPU = Debug|Any CPU
		Release|Any CPU = Release|Any CPU
	EndGlobalSection
	GlobalSection(ProjectConfigurationPlatforms) = postSolution
		{C03BA87C-C829-4253-9684-CDB970B030F8}.Debug|Any CPU.ActiveCfg = Debug|Any CPU
		{C03BA87C-C829-4253-9684-CDB970B030F8}.Debug|Any CPU.Build.0 = Debug|Any CPU
		{C03BA87C-C829-4253-9684-CDB970B030F8}.Release|Any CPU.ActiveCfg = Release|Any CPU
		{C03BA87C-C829-4253-9684-CDB970B030F8}.Release|Any CPU.Build.0 = Release|Any CPU
	EndGlobalSection
	GlobalSection(SolutionProperties) = preSolution
		HideSolutionNode = FALSE
	EndGlobalSection
	GlobalSection(ExtensibilityGlobals) = postSolution
		SolutionGuid = {71AD2B1C-E773-4971-9E09-D7A7FBA54A6C}
	EndGlobalSection
EndGlobal
